// !$*UTF8*$!
{
	archiveVersion = 1;
	classes = {
	};
	objectVersion = 51;
	objects = {

/* Begin PBXBuildFile section */
		E4ED661EC4CC4F0477418B2D /* Pods_FrameworkAnimationHW.framework in Frameworks */ = {isa = PBXBuildFile; fileRef = 5AD35CE627A1624CEEA681C1 /* Pods_FrameworkAnimationHW.framework */; };
		F72B52F12639B6DB00E11C20 /* AppDelegate.swift in Sources */ = {isa = PBXBuildFile; fileRef = F72B52F02639B6DB00E11C20 /* AppDelegate.swift */; };
		F72B52F32639B6DB00E11C20 /* SceneDelegate.swift in Sources */ = {isa = PBXBuildFile; fileRef = F72B52F22639B6DB00E11C20 /* SceneDelegate.swift */; };
		F72B52F82639B6DB00E11C20 /* Main.storyboard in Resources */ = {isa = PBXBuildFile; fileRef = F72B52F62639B6DB00E11C20 /* Main.storyboard */; };
		F72B52FA2639B6DC00E11C20 /* Assets.xcassets in Resources */ = {isa = PBXBuildFile; fileRef = F72B52F92639B6DC00E11C20 /* Assets.xcassets */; };
		F72B52FD2639B6DC00E11C20 /* LaunchScreen.storyboard in Resources */ = {isa = PBXBuildFile; fileRef = F72B52FB2639B6DC00E11C20 /* LaunchScreen.storyboard */; };
		F72B530D2639BB1200E11C20 /* DataManager.swift in Sources */ = {isa = PBXBuildFile; fileRef = F72B530C2639BB1200E11C20 /* DataManager.swift */; };
		F72B53172639BB9E00E11C20 /* Model.swift in Sources */ = {isa = PBXBuildFile; fileRef = F72B53162639BB9E00E11C20 /* Model.swift */; };
		F72B531D2639BFAA00E11C20 /* ViewController.swift in Sources */ = {isa = PBXBuildFile; fileRef = F72B531C2639BFAA00E11C20 /* ViewController.swift */; };
		F72B53202639C9A800E11C20 /* Extension + UIView.swift in Sources */ = {isa = PBXBuildFile; fileRef = F72B531F2639C9A800E11C20 /* Extension + UIView.swift */; };
/* End PBXBuildFile section */

/* Begin PBXFileReference section */
		093A00F394EBA4BF257AAA61 /* Pods-FrameworkAnimationHW.release.xcconfig */ = {isa = PBXFileReference; includeInIndex = 1; lastKnownFileType = text.xcconfig; name = "Pods-FrameworkAnimationHW.release.xcconfig"; path = "Target Support Files/Pods-FrameworkAnimationHW/Pods-FrameworkAnimationHW.release.xcconfig"; sourceTree = "<group>"; };
		57FEDDD8BD0CC539D4D15087 /* Pods-FrameworkAnimationHW.debug.xcconfig */ = {isa = PBXFileReference; includeInIndex = 1; lastKnownFileType = text.xcconfig; name = "Pods-FrameworkAnimationHW.debug.xcconfig"; path = "Target Support Files/Pods-FrameworkAnimationHW/Pods-FrameworkAnimationHW.debug.xcconfig"; sourceTree = "<group>"; };
		5AD35CE627A1624CEEA681C1 /* Pods_FrameworkAnimationHW.framework */ = {isa = PBXFileReference; explicitFileType = wrapper.framework; includeInIndex = 0; path = Pods_FrameworkAnimationHW.framework; sourceTree = BUILT_PRODUCTS_DIR; };
		F72B52ED2639B6DB00E11C20 /* FrameworkAnimationHW.app */ = {isa = PBXFileReference; explicitFileType = wrapper.application; includeInIndex = 0; path = FrameworkAnimationHW.app; sourceTree = BUILT_PRODUCTS_DIR; };
		F72B52F02639B6DB00E11C20 /* AppDelegate.swift */ = {isa = PBXFileReference; lastKnownFileType = sourcecode.swift; path = AppDelegate.swift; sourceTree = "<group>"; };
		F72B52F22639B6DB00E11C20 /* SceneDelegate.swift */ = {isa = PBXFileReference; lastKnownFileType = sourcecode.swift; path = SceneDelegate.swift; sourceTree = "<group>"; };
		F72B52F72639B6DB00E11C20 /* Base */ = {isa = PBXFileReference; lastKnownFileType = file.storyboard; name = Base; path = Base.lproj/Main.storyboard; sourceTree = "<group>"; };
		F72B52F92639B6DC00E11C20 /* Assets.xcassets */ = {isa = PBXFileReference; lastKnownFileType = folder.assetcatalog; path = Assets.xcassets; sourceTree = "<group>"; };
		F72B52FC2639B6DC00E11C20 /* Base */ = {isa = PBXFileReference; lastKnownFileType = file.storyboard; name = Base; path = Base.lproj/LaunchScreen.storyboard; sourceTree = "<group>"; };
		F72B52FE2639B6DC00E11C20 /* Info.plist */ = {isa = PBXFileReference; lastKnownFileType = text.plist.xml; path = Info.plist; sourceTree = "<group>"; };
		F72B530C2639BB1200E11C20 /* DataManager.swift */ = {isa = PBXFileReference; lastKnownFileType = sourcecode.swift; path = DataManager.swift; sourceTree = "<group>"; };
		F72B53162639BB9E00E11C20 /* Model.swift */ = {isa = PBXFileReference; lastKnownFileType = sourcecode.swift; path = Model.swift; sourceTree = "<group>"; };
		F72B531C2639BFAA00E11C20 /* ViewController.swift */ = {isa = PBXFileReference; lastKnownFileType = sourcecode.swift; path = ViewController.swift; sourceTree = "<group>"; };
		F72B531F2639C9A800E11C20 /* Extension + UIView.swift */ = {isa = PBXFileReference; lastKnownFileType = sourcecode.swift; path = "Extension + UIView.swift"; sourceTree = "<group>"; };
/* End PBXFileReference section */

/* Begin PBXFrameworksBuildPhase section */
		F72B52EA2639B6DB00E11C20 /* Frameworks */ = {
			isa = PBXFrameworksBuildPhase;
			buildActionMask = 2147483647;
			files = (
				E4ED661EC4CC4F0477418B2D /* Pods_FrameworkAnimationHW.framework in Frameworks */,
			);
			runOnlyForDeploymentPostprocessing = 0;
		};
/* End PBXFrameworksBuildPhase section */

/* Begin PBXGroup section */
		271211A5A0754023EED4E0CA /* Frameworks */ = {
			isa = PBXGroup;
			children = (
				5AD35CE627A1624CEEA681C1 /* Pods_FrameworkAnimationHW.framework */,
			);
			name = Frameworks;
			sourceTree = "<group>";
		};
		BFB6B04143682C50B75DD8C0 /* Pods */ = {
			isa = PBXGroup;
			children = (
				57FEDDD8BD0CC539D4D15087 /* Pods-FrameworkAnimationHW.debug.xcconfig */,
				093A00F394EBA4BF257AAA61 /* Pods-FrameworkAnimationHW.release.xcconfig */,
			);
			path = Pods;
			sourceTree = "<group>";
		};
		F72B52E42639B6DB00E11C20 = {
			isa = PBXGroup;
			children = (
				F72B52EF2639B6DB00E11C20 /* FrameworkAnimationHW */,
				F72B52EE2639B6DB00E11C20 /* Products */,
				BFB6B04143682C50B75DD8C0 /* Pods */,
				271211A5A0754023EED4E0CA /* Frameworks */,
			);
			sourceTree = "<group>";
		};
		F72B52EE2639B6DB00E11C20 /* Products */ = {
			isa = PBXGroup;
			children = (
				F72B52ED2639B6DB00E11C20 /* FrameworkAnimationHW.app */,
			);
			name = Products;
			sourceTree = "<group>";
		};
		F72B52EF2639B6DB00E11C20 /* FrameworkAnimationHW */ = {
			isa = PBXGroup;
			children = (
				F72B53092639BAB200E11C20 /* ViewControllers */,
				F72B53132639BB4900E11C20 /* Models */,
				F72B53102639BB1800E11C20 /* Services */,
				F72B53142639BB5800E11C20 /* Storyboards */,
				F72B530A2639BAE000E11C20 /* Supports */,
				F72B53152639BB7000E11C20 /* Resources */,
			);
			path = FrameworkAnimationHW;
			sourceTree = "<group>";
		};
		F72B53092639BAB200E11C20 /* ViewControllers */ = {
			isa = PBXGroup;
			children = (
				F72B531C2639BFAA00E11C20 /* ViewController.swift */,
				F72B531F2639C9A800E11C20 /* Extension + UIView.swift */,
			);
			path = ViewControllers;
			sourceTree = "<group>";
		};
		F72B530A2639BAE000E11C20 /* Supports */ = {
			isa = PBXGroup;
			children = (
				F72B52F02639B6DB00E11C20 /* AppDelegate.swift */,
				F72B52F22639B6DB00E11C20 /* SceneDelegate.swift */,
				F72B52FE2639B6DC00E11C20 /* Info.plist */,
			);
			path = Supports;
			sourceTree = "<group>";
		};
		F72B53102639BB1800E11C20 /* Services */ = {
			isa = PBXGroup;
			children = (
				F72B530C2639BB1200E11C20 /* DataManager.swift */,
			);
			path = Services;
			sourceTree = "<group>";
		};
		F72B53132639BB4900E11C20 /* Models */ = {
			isa = PBXGroup;
			children = (
				F72B53162639BB9E00E11C20 /* Model.swift */,
			);
			name = Models;
			path = ..;
			sourceTree = "<group>";
		};
		F72B53142639BB5800E11C20 /* Storyboards */ = {
			isa = PBXGroup;
			children = (
				F72B52F62639B6DB00E11C20 /* Main.storyboard */,
				F72B52FB2639B6DC00E11C20 /* LaunchScreen.storyboard */,
			);
			path = Storyboards;
			sourceTree = "<group>";
		};
		F72B53152639BB7000E11C20 /* Resources */ = {
			isa = PBXGroup;
			children = (
				F72B52F92639B6DC00E11C20 /* Assets.xcassets */,
			);
			path = Resources;
			sourceTree = "<group>";
		};
/* End PBXGroup section */

/* Begin PBXNativeTarget section */
		F72B52EC2639B6DB00E11C20 /* FrameworkAnimationHW */ = {
			isa = PBXNativeTarget;
			buildConfigurationList = F72B53012639B6DC00E11C20 /* Build configuration list for PBXNativeTarget "FrameworkAnimationHW" */;
			buildPhases = (
				A0678179ADED39F762F3F7CE /* [CP] Check Pods Manifest.lock */,
				F72B52E92639B6DB00E11C20 /* Sources */,
				F72B52EA2639B6DB00E11C20 /* Frameworks */,
				F72B52EB2639B6DB00E11C20 /* Resources */,
				C6934010789E09EF64E15495 /* [CP] Embed Pods Frameworks */,
			);
			buildRules = (
			);
			dependencies = (
			);
			name = FrameworkAnimationHW;
			productName = FrameworkAnimationHW;
			productReference = F72B52ED2639B6DB00E11C20 /* FrameworkAnimationHW.app */;
			productType = "com.apple.product-type.application";
		};
/* End PBXNativeTarget section */

/* Begin PBXProject section */
		F72B52E52639B6DB00E11C20 /* Project object */ = {
			isa = PBXProject;
			attributes = {
				LastSwiftUpdateCheck = 1240;
				LastUpgradeCheck = 1240;
				TargetAttributes = {
					F72B52EC2639B6DB00E11C20 = {
						CreatedOnToolsVersion = 12.4;
					};
				};
			};
			buildConfigurationList = F72B52E82639B6DB00E11C20 /* Build configuration list for PBXProject "FrameworkAnimationHW" */;
			compatibilityVersion = "Xcode 9.3";
			developmentRegion = en;
			hasScannedForEncodings = 0;
			knownRegions = (
				en,
				Base,
			);
			mainGroup = F72B52E42639B6DB00E11C20;
			productRefGroup = F72B52EE2639B6DB00E11C20 /* Products */;
			projectDirPath = "";
			projectRoot = "";
			targets = (
				F72B52EC2639B6DB00E11C20 /* FrameworkAnimationHW */,
			);
		};
/* End PBXProject section */

/* Begin PBXResourcesBuildPhase section */
		F72B52EB2639B6DB00E11C20 /* Resources */ = {
			isa = PBXResourcesBuildPhase;
			buildActionMask = 2147483647;
			files = (
				F72B52FD2639B6DC00E11C20 /* LaunchScreen.storyboard in Resources */,
				F72B52FA2639B6DC00E11C20 /* Assets.xcassets in Resources */,
				F72B52F82639B6DB00E11C20 /* Main.storyboard in Resources */,
			);
			runOnlyForDeploymentPostprocessing = 0;
		};
/* End PBXResourcesBuildPhase section */

/* Begin PBXShellScriptBuildPhase section */
		A0678179ADED39F762F3F7CE /* [CP] Check Pods Manifest.lock */ = {
			isa = PBXShellScriptBuildPhase;
			buildActionMask = 2147483647;
			files = (
			);
			inputFileListPaths = (
			);
			inputPaths = (
				"${PODS_PODFILE_DIR_PATH}/Podfile.lock",
				"${PODS_ROOT}/Manifest.lock",
			);
			name = "[CP] Check Pods Manifest.lock";
			outputFileListPaths = (
			);
			outputPaths = (
				"$(DERIVED_FILE_DIR)/Pods-FrameworkAnimationHW-checkManifestLockResult.txt",
			);
			runOnlyForDeploymentPostprocessing = 0;
			shellPath = /bin/sh;
			shellScript = "diff \"${PODS_PODFILE_DIR_PATH}/Podfile.lock\" \"${PODS_ROOT}/Manifest.lock\" > /dev/null\nif [ $? != 0 ] ; then\n    # print error to STDERR\n    echo \"error: The sandbox is not in sync with the Podfile.lock. Run 'pod install' or update your CocoaPods installation.\" >&2\n    exit 1\nfi\n# This output is used by Xcode 'outputs' to avoid re-running this script phase.\necho \"SUCCESS\" > \"${SCRIPT_OUTPUT_FILE_0}\"\n";
			showEnvVarsInLog = 0;
		};
		C6934010789E09EF64E15495 /* [CP] Embed Pods Frameworks */ = {
			isa = PBXShellScriptBuildPhase;
			buildActionMask = 2147483647;
			files = (
			);
			inputFileListPaths = (
				"${PODS_ROOT}/Target Support Files/Pods-FrameworkAnimationHW/Pods-FrameworkAnimationHW-frameworks-${CONFIGURATION}-input-files.xcfilelist",
			);
			name = "[CP] Embed Pods Frameworks";
			outputFileListPaths = (
				"${PODS_ROOT}/Target Support Files/Pods-FrameworkAnimationHW/Pods-FrameworkAnimationHW-frameworks-${CONFIGURATION}-output-files.xcfilelist",
			);
			runOnlyForDeploymentPostprocessing = 0;
			shellPath = /bin/sh;
			shellScript = "\"${PODS_ROOT}/Target Support Files/Pods-FrameworkAnimationHW/Pods-FrameworkAnimationHW-frameworks.sh\"\n";
			showEnvVarsInLog = 0;
		};
/* End PBXShellScriptBuildPhase section */

/* Begin PBXSourcesBuildPhase section */
		F72B52E92639B6DB00E11C20 /* Sources */ = {
			isa = PBXSourcesBuildPhase;
			buildActionMask = 2147483647;
			files = (
				F72B531D2639BFAA00E11C20 /* ViewController.swift in Sources */,
				F72B53172639BB9E00E11C20 /* Model.swift in Sources */,
				F72B53202639C9A800E11C20 /* Extension + UIView.swift in Sources */,
				F72B530D2639BB1200E11C20 /* DataManager.swift in Sources */,
				F72B52F12639B6DB00E11C20 /* AppDelegate.swift in Sources */,
				F72B52F32639B6DB00E11C20 /* SceneDelegate.swift in Sources */,
			);
			runOnlyForDeploymentPostprocessing = 0;
		};
/* End PBXSourcesBuildPhase section */

/* Begin PBXVariantGroup section */
		F72B52F62639B6DB00E11C20 /* Main.storyboard */ = {
			isa = PBXVariantGroup;
			children = (
				F72B52F72639B6DB00E11C20 /* Base */,
			);
			name = Main.storyboard;
			sourceTree = "<group>";
		};
		F72B52FB2639B6DC00E11C20 /* LaunchScreen.storyboard */ = {
			isa = PBXVariantGroup;
			children = (
				F72B52FC2639B6DC00E11C20 /* Base */,
			);
			name = LaunchScreen.storyboard;
			sourceTree = "<group>";
		};
/* End PBXVariantGroup section */

/* Begin XCBuildConfiguration section */
		F72B52FF2639B6DC00E11C20 /* Debug */ = {
			isa = XCBuildConfiguration;
			buildSettings = {
				ALWAYS_SEARCH_USER_PATHS = NO;
				CLANG_ANALYZER_NONNULL = YES;
				CLANG_ANALYZER_NUMBER_OBJECT_CONVERSION = YES_AGGRESSIVE;
				CLANG_CXX_LANGUAGE_STANDARD = "gnu++14";
				CLANG_CXX_LIBRARY = "libc++";
				CLANG_ENABLE_MODULES = YES;
				CLANG_ENABLE_OBJC_ARC = YES;
				CLANG_ENABLE_OBJC_WEAK = YES;
				CLANG_WARN_BLOCK_CAPTURE_AUTORELEASING = YES;
				CLANG_WARN_BOOL_CONVERSION = YES;
				CLANG_WARN_COMMA = YES;
				CLANG_WARN_CONSTANT_CONVERSION = YES;
				CLANG_WARN_DEPRECATED_OBJC_IMPLEMENTATIONS = YES;
				CLANG_WARN_DIRECT_OBJC_ISA_USAGE = YES_ERROR;
				CLANG_WARN_DOCUMENTATION_COMMENTS = YES;
				CLANG_WARN_EMPTY_BODY = YES;
				CLANG_WARN_ENUM_CONVERSION = YES;
				CLANG_WARN_INFINITE_RECURSION = YES;
				CLANG_WARN_INT_CONVERSION = YES;
				CLANG_WARN_NON_LITERAL_NULL_CONVERSION = YES;
				CLANG_WARN_OBJC_IMPLICIT_RETAIN_SELF = YES;
				CLANG_WARN_OBJC_LITERAL_CONVERSION = YES;
				CLANG_WARN_OBJC_ROOT_CLASS = YES_ERROR;
				CLANG_WARN_QUOTED_INCLUDE_IN_FRAMEWORK_HEADER = YES;
				CLANG_WARN_RANGE_LOOP_ANALYSIS = YES;
				CLANG_WARN_STRICT_PROTOTYPES = YES;
				CLANG_WARN_SUSPICIOUS_MOVE = YES;
				CLANG_WARN_UNGUARDED_AVAILABILITY = YES_AGGRESSIVE;
				CLANG_WARN_UNREACHABLE_CODE = YES;
				CLANG_WARN__DUPLICATE_METHOD_MATCH = YES;
				COPY_PHASE_STRIP = NO;
				DEBUG_INFORMATION_FORMAT = dwarf;
				ENABLE_STRICT_OBJC_MSGSEND = YES;
				ENABLE_TESTABILITY = YES;
				GCC_C_LANGUAGE_STANDARD = gnu11;
				GCC_DYNAMIC_NO_PIC = NO;
				GCC_NO_COMMON_BLOCKS = YES;
				GCC_OPTIMIZATION_LEVEL = 0;
				GCC_PREPROCESSOR_DEFINITIONS = (
					"DEBUG=1",
					"$(inherited)",
				);
				GCC_WARN_64_TO_32_BIT_CONVERSION = YES;
				GCC_WARN_ABOUT_RETURN_TYPE = YES_ERROR;
				GCC_WARN_UNDECLARED_SELECTOR = YES;
				GCC_WARN_UNINITIALIZED_AUTOS = YES_AGGRESSIVE;
				GCC_WARN_UNUSED_FUNCTION = YES;
				GCC_WARN_UNUSED_VARIABLE = YES;
				IPHONEOS_DEPLOYMENT_TARGET = 14.4;
				MTL_ENABLE_DEBUG_INFO = INCLUDE_SOURCE;
				MTL_FAST_MATH = YES;
				ONLY_ACTIVE_ARCH = YES;
				SDKROOT = iphoneos;
				SWIFT_ACTIVE_COMPILATION_CONDITIONS = DEBUG;
				SWIFT_OPTIMIZATION_LEVEL = "-Onone";
			};
			name = Debug;
		};
		F72B53002639B6DC00E11C20 /* Release */ = {
			isa = XCBuildConfiguration;
			buildSettings = {
				ALWAYS_SEARCH_USER_PATHS = NO;
				CLANG_ANALYZER_NONNULL = YES;
				CLANG_ANALYZER_NUMBER_OBJECT_CONVERSION = YES_AGGRESSIVE;
				CLANG_CXX_LANGUAGE_STANDARD = "gnu++14";
				CLANG_CXX_LIBRARY = "libc++";
				CLANG_ENABLE_MODULES = YES;
				CLANG_ENABLE_OBJC_ARC = YES;
				CLANG_ENABLE_OBJC_WEAK = YES;
				CLANG_WARN_BLOCK_CAPTURE_AUTORELEASING = YES;
				CLANG_WARN_BOOL_CONVERSION = YES;
				CLANG_WARN_COMMA = YES;
				CLANG_WARN_CONSTANT_CONVERSION = YES;
				CLANG_WARN_DEPRECATED_OBJC_IMPLEMENTATIONS = YES;
				CLANG_WARN_DIRECT_OBJC_ISA_USAGE = YES_ERROR;
				CLANG_WARN_DOCUMENTATION_COMMENTS = YES;
				CLANG_WARN_EMPTY_BODY = YES;
				CLANG_WARN_ENUM_CONVERSION = YES;
				CLANG_WARN_INFINITE_RECURSION = YES;
				CLANG_WARN_INT_CONVERSION = YES;
				CLANG_WARN_NON_LITERAL_NULL_CONVERSION = YES;
				CLANG_WARN_OBJC_IMPLICIT_RETAIN_SELF = YES;
				CLANG_WARN_OBJC_LITERAL_CONVERSION = YES;
				CLANG_WARN_OBJC_ROOT_CLASS = YES_ERROR;
				CLANG_WARN_QUOTED_INCLUDE_IN_FRAMEWORK_HEADER = YES;
				CLANG_WARN_RANGE_LOOP_ANALYSIS = YES;
				CLANG_WARN_STRICT_PROTOTYPES = YES;
				CLANG_WARN_SUSPICIOUS_MOVE = YES;
				CLANG_WARN_UNGUARDED_AVAILABILITY = YES_AGGRESSIVE;
				CLANG_WARN_UNREACHABLE_CODE = YES;
				CLANG_WARN__DUPLICATE_METHOD_MATCH = YES;
				COPY_PHASE_STRIP = NO;
				DEBUG_INFORMATION_FORMAT = "dwarf-with-dsym";
				ENABLE_NS_ASSERTIONS = NO;
				ENABLE_STRICT_OBJC_MSGSEND = YES;
				GCC_C_LANGUAGE_STANDARD = gnu11;
				GCC_NO_COMMON_BLOCKS = YES;
				GCC_WARN_64_TO_32_BIT_CONVERSION = YES;
				GCC_WARN_ABOUT_RETURN_TYPE = YES_ERROR;
				GCC_WARN_UNDECLARED_SELECTOR = YES;
				GCC_WARN_UNINITIALIZED_AUTOS = YES_AGGRESSIVE;
				GCC_WARN_UNUSED_FUNCTION = YES;
				GCC_WARN_UNUSED_VARIABLE = YES;
				IPHONEOS_DEPLOYMENT_TARGET = 14.4;
				MTL_ENABLE_DEBUG_INFO = NO;
				MTL_FAST_MATH = YES;
				SDKROOT = iphoneos;
				SWIFT_COMPILATION_MODE = wholemodule;
				SWIFT_OPTIMIZATION_LEVEL = "-O";
				VALIDATE_PRODUCT = YES;
			};
			name = Release;
		};
		F72B53022639B6DC00E11C20 /* Debug */ = {
			isa = XCBuildConfiguration;
			baseConfigurationReference = 57FEDDD8BD0CC539D4D15087 /* Pods-FrameworkAnimationHW.debug.xcconfig */;
			buildSettings = {
				ASSETCATALOG_COMPILER_APPICON_NAME = AppIcon;
				ASSETCATALOG_COMPILER_GLOBAL_ACCENT_COLOR_NAME = AccentColor;
				CODE_SIGN_STYLE = Automatic;
				DEVELOPMENT_TEAM = TB5VXYZS9X;
				INFOPLIST_FILE = FrameworkAnimationHW/Supports/Info.plist;
				LD_RUNPATH_SEARCH_PATHS = (
					"$(inherited)",
					"@executable_path/Frameworks",
				);
				PRODUCT_BUNDLE_IDENTIFIER = ru.learnSwift.FrameworkAnimationHW;
				PRODUCT_NAME = "$(TARGET_NAME)";
				SWIFT_VERSION = 5.0;
				TARGETED_DEVICE_FAMILY = "1,2";
			};
			name = Debug;
		};
		F72B53032639B6DC00E11C20 /* Release */ = {
			isa = XCBuildConfiguration;
			baseConfigurationReference = 093A00F394EBA4BF257AAA61 /* Pods-FrameworkAnimationHW.release.xcconfig */;
			buildSettings = {
				ASSETCATALOG_COMPILER_APPICON_NAME = AppIcon;
				ASSETCATALOG_COMPILER_GLOBAL_ACCENT_COLOR_NAME = AccentColor;
				CODE_SIGN_STYLE = Automatic;
				DEVELOPMENT_TEAM = TB5VXYZS9X;
				INFOPLIST_FILE = FrameworkAnimationHW/Supports/Info.plist;
				LD_RUNPATH_SEARCH_PATHS = (
					"$(inherited)",
					"@executable_path/Frameworks",
				);
				PRODUCT_BUNDLE_IDENTIFIER = ru.learnSwift.FrameworkAnimationHW;
				PRODUCT_NAME = "$(TARGET_NAME)";
				SWIFT_VERSION = 5.0;
				TARGETED_DEVICE_FAMILY = "1,2";
			};
			name = Release;
		};
/* End XCBuildConfiguration section */

/* Begin XCConfigurationList section */
		F72B52E82639B6DB00E11C20 /* Build configuration list for PBXProject "FrameworkAnimationHW" */ = {
			isa = XCConfigurationList;
			buildConfigurations = (
				F72B52FF2639B6DC00E11C20 /* Debug */,
				F72B53002639B6DC00E11C20 /* Release */,
			);
			defaultConfigurationIsVisible = 0;
			defaultConfigurationName = Release;
		};
		F72B53012639B6DC00E11C20 /* Build configuration list for PBXNativeTarget "FrameworkAnimationHW" */ = {
			isa = XCConfigurationList;
			buildConfigurations = (
				F72B53022639B6DC00E11C20 /* Debug */,
				F72B53032639B6DC00E11C20 /* Release */,
			);
			defaultConfigurationIsVisible = 0;
			defaultConfigurationName = Release;
		};
/* End XCConfigurationList section */
	};
	rootObject = F72B52E52639B6DB00E11C20 /* Project object */;
}
